{
  "meteor": {},
  "dependencies": {
    "basePackages": {
      "iron-router": {},
      "accounts-entry": {
        "git": "https://github.com/BeDifferential/accounts-entry.git",
        "branch": "master"
      },
      "handlebars-server": {},
      "npm": {},
      "moment": {},
      "collection-api": {},
      "cron-tick": {}
    },
    "packages": {
      "iron-router": {
        "git": "https://github.com/EventedMind/iron-router.git",
        "tag": "v0.6.4",
        "commit": "927bbaed1b87894fb6fb70807f74ff3a5bd89f29"
      },
      "accounts-entry": {
        "git": "https://github.com/BeDifferential/accounts-entry.git",
        "branch": "master",
        "commit": "ad0381d3fa80aa2247b9d6200d4489f1fd3430c8"
      },
      "handlebars-server": {
        "git": "https://github.com/EventedMind/meteor-handlebars-server.git",
        "tag": "v1.2.0",
        "commit": "1b72c4e9d82af66293e50be4516c487d15d97464"
      },
      "npm": {
        "git": "https://github.com/arunoda/meteor-npm.git",
        "tag": "v0.2.6",
        "commit": "177ab6118de5bf8cffb19481343d5762ff7a2aaf"
      },
      "moment": {
        "git": "https://github.com/acreeger/meteor-moment.git",
        "tag": "v2.5.1",
        "commit": "8c9bc5d3fc96705057737cb9743d555417f6e551"
      },
      "collection-api": {
        "git": "https://github.com/crazytoad/meteor-collectionapi.git",
        "tag": "v0.1.15",
        "commit": "b62c51f387287726cf3b64077f7bc69604ec2f5e"
      },
      "cron-tick": {
        "git": "https://github.com/tmeasday/meteor-cron.git",
        "tag": "v0.0.4",
        "commit": "44cff9116af510fe53704fdeeff57c444ceb75ba"
      }
    }
  }
}
